
Microsoft Visual Studio Solution File, Format Version 12.00
# Visual Studio 15
VisualStudioVersion = 15.0.27703.2047
MinimumVisualStudioVersion = 10.0.40219.1
Project("{FAE04EC0-301F-11D3-BF4B-00C04F79EFBC}") = "FullStack.ControleTarefas.API", "FullStack.ControleTarefas.API\FullStack.ControleTarefas.API.csproj", "{580DB41C-91F1-41B0-8360-72821BF7085D}"
EndProject
Global
	GlobalSection(SolutionConfigurationPlatforms) = preSolution
		Debug|Any CPU = Debug|Any CPU
		Release|Any CPU = Release|Any CPU
	EndGlobalSection
	GlobalSection(ProjectConfigurationPlatforms) = postSolution
		{580DB41C-91F1-41B0-8360-72821BF7085D}.Debug|Any CPU.ActiveCfg = Debug|Any CPU
		{580DB41C-91F1-41B0-8360-72821BF7085D}.Debug|Any CPU.Build.0 = Debug|Any CPU
		{580DB41C-91F1-41B0-8360-72821BF7085D}.Release|Any CPU.ActiveCfg = Release|Any CPU
		{580DB41C-91F1-41B0-8360-72821BF7085D}.Release|Any CPU.Build.0 = Release|Any CPU
	EndGlobalSection
	GlobalSection(SolutionProperties) = preSolution
		HideSolutionNode = FALSE
	EndGlobalSection
	GlobalSection(ExtensibilityGlobals) = postSolution
		SolutionGuid = {702B8967-AE89-4D09-9C55-2F1B48096627}
	EndGlobalSection
EndGlobal
